# This file is generated by running "yarn install" inside your project.
# Manual changes might be lost - proceed with caution!

__metadata:
  version: 5
  cacheKey: 8

"@envelop/core@npm:3.0.4":
  version: 3.0.4
  resolution: "@envelop/core@npm:3.0.4"
  dependencies:
    "@envelop/types": 3.0.1
    tslib: 2.4.0
  checksum: 87184b432e80f947d96119acd3e769bbaeb052324d84d2f4a3ae27e7bfb4f8f913c364055e7a5ca04ef48439181bc5762450920a299f882763a7e2f788c52818
  languageName: node
  linkType: hard

"@envelop/parser-cache@npm:^5.0.4":
  version: 5.0.4
  resolution: "@envelop/parser-cache@npm:5.0.4"
  dependencies:
    lru-cache: ^6.0.0
    tslib: ^2.4.0
  peerDependencies:
    "@envelop/core": ^3.0.4
    graphql: ^14.0.0 || ^15.0.0 || ^16.0.0
  checksum: 18ec2d831a830c3dc9e7964d5278f65a834a6be6532ba10e04e0f02cda8a3472a751819d4cb02f3dcb0681eaa1d33b37c9e20bef8e813e81567a184f29bae74a
  languageName: node
  linkType: hard

"@envelop/types@npm:3.0.1":
  version: 3.0.1
  resolution: "@envelop/types@npm:3.0.1"
  dependencies:
    tslib: ^2.4.0
  checksum: f9e4ed76efc5b7fba09fe8fecaf589f0e03167683d2c8f18c290af03c6425a8bcf7e23bf699988469c63eb1e38dd91ac160ab753ec563ac5f4b26ba65d1a87b3
  languageName: node
  linkType: hard

"@envelop/validation-cache@npm:^5.0.5":
  version: 5.0.5
  resolution: "@envelop/validation-cache@npm:5.0.5"
  dependencies:
    lru-cache: ^6.0.0
    tslib: ^2.4.0
  peerDependencies:
    "@envelop/core": ^3.0.4
    graphql: ^14.0.0 || ^15.0.0 || ^16.0.0
  checksum: 648bf256391cd90854cc4896c21d71aca18f477a3d20a3483070466b155929a5f24061e993e6e69b8730163b608a087876ca5f95727288c57b38a108af62071c
  languageName: node
  linkType: hard

"@graphql-tools/executor@npm:0.0.11":
  version: 0.0.11
  resolution: "@graphql-tools/executor@npm:0.0.11"
  dependencies:
    "@graphql-tools/utils": 9.1.3
    "@graphql-typed-document-node/core": 3.1.1
    "@repeaterjs/repeater": 3.0.4
    tslib: ^2.4.0
    value-or-promise: 1.0.11
  peerDependencies:
    graphql: ^14.0.0 || ^15.0.0 || ^16.0.0 || ^17.0.0
  checksum: 9f4c5d50eb574ab788a70684150502d4ad25b2681a3933a9415a0bbd78bfdf5ee203dca8bccc4cef93727157254216f0c22c5359bef1c1738f652b3122048b17
  languageName: node
  linkType: hard

"@graphql-tools/merge@npm:8.3.14":
  version: 8.3.14
  resolution: "@graphql-tools/merge@npm:8.3.14"
  dependencies:
    "@graphql-tools/utils": 9.1.3
    tslib: ^2.4.0
  peerDependencies:
    graphql: ^14.0.0 || ^15.0.0 || ^16.0.0 || ^17.0.0
  checksum: d77098959a7ecf1346958eb6731f7354fc1155d253aa25169ca48b73053784f3db203ff88ada6a1cdfa9a0b026e55ce02afb83ac61b501223c018e97accf7cdc
  languageName: node
  linkType: hard

"@graphql-tools/schema@npm:^9.0.0":
  version: 9.0.12
  resolution: "@graphql-tools/schema@npm:9.0.12"
  dependencies:
    "@graphql-tools/merge": 8.3.14
    "@graphql-tools/utils": 9.1.3
    tslib: ^2.4.0
    value-or-promise: 1.0.11
  peerDependencies:
    graphql: ^14.0.0 || ^15.0.0 || ^16.0.0 || ^17.0.0
  checksum: c5ea750466181b425dd77822b1dc774227bcdb3a01631f114734d450cfc2dabeac60b3fac40e047090d6035b6a559b614716f1b61068889cf5aae0785650c31b
  languageName: node
  linkType: hard

"@graphql-tools/utils@npm:9.1.3, @graphql-tools/utils@npm:^9.0.1":
  version: 9.1.3
  resolution: "@graphql-tools/utils@npm:9.1.3"
  dependencies:
    tslib: ^2.4.0
  peerDependencies:
    graphql: ^14.0.0 || ^15.0.0 || ^16.0.0 || ^17.0.0
  checksum: 3b5acd41ae939e2811f496b1676e6219be61a95f3e502bb3783542a67e7703d7709d4ae87fc9deb7284280aea687fb4b0e596f538d7f1cdf5a8827a2952ee994
  languageName: node
  linkType: hard

"@graphql-typed-document-node/core@npm:3.1.1":
  version: 3.1.1
  resolution: "@graphql-typed-document-node/core@npm:3.1.1"
  peerDependencies:
    graphql: ^0.8.0 || ^0.9.0 || ^0.10.0 || ^0.11.0 || ^0.12.0 || ^0.13.0 || ^14.0.0 || ^15.0.0 || ^16.0.0
  checksum: 87ff4cee308f1075f4472b80f9f9409667979940f8f701e87f0aa35ce5cf104d94b41258ea8192d05a0893475cd0f086a3929a07663b4fe8d0e805a277f07ed5
  languageName: node
  linkType: hard

"@graphql-yoga/subscription@npm:^3.0.0":
  version: 3.0.0
  resolution: "@graphql-yoga/subscription@npm:3.0.0"
  dependencies:
    "@graphql-yoga/typed-event-target": ^1.0.0
    "@repeaterjs/repeater": ^3.0.4
    "@whatwg-node/events": 0.0.2
    tslib: ^2.3.1
  checksum: 80cf5168dcc88850df2e5349c2ad015a2ba89ff1a78eba824132063b54899c54012e53bfe7fc4cb4b1409d3b256ca032d44518cb9ecb8377d562acb23dcd6dba
  languageName: node
  linkType: hard

"@graphql-yoga/typed-event-target@npm:^1.0.0":
  version: 1.0.0
  resolution: "@graphql-yoga/typed-event-target@npm:1.0.0"
  dependencies:
    "@repeaterjs/repeater": ^3.0.4
    tslib: ^2.3.1
  checksum: fc194c3e7f8ed00447c53ead4b2ac72948a53052866464e531b09880b2a017bd303e5171134848a5bed8c11a841b9817685bf6b445b4c0e622305a090d0a014e
  languageName: node
  linkType: hard

"@next/env@npm:13.1.1":
  version: 13.1.1
  resolution: "@next/env@npm:13.1.1"
  checksum: e265b9b9e7c28023b33ba99b95e84abdfa501507e2f1b7d7b6469ab93d21edbb59fe4378f0557d12864508b747ff1fbc2f9c7de3d704ba51a37c7295fddb0ec1
  languageName: node
  linkType: hard

"@next/swc-android-arm-eabi@npm:13.1.1":
  version: 13.1.1
  resolution: "@next/swc-android-arm-eabi@npm:13.1.1"
  conditions: os=android & cpu=arm
  languageName: node
  linkType: hard

"@next/swc-android-arm64@npm:13.1.1":
  version: 13.1.1
  resolution: "@next/swc-android-arm64@npm:13.1.1"
  conditions: os=android & cpu=arm64
  languageName: node
  linkType: hard

"@next/swc-darwin-arm64@npm:13.1.1":
  version: 13.1.1
  resolution: "@next/swc-darwin-arm64@npm:13.1.1"
  conditions: os=darwin & cpu=arm64
  languageName: node
  linkType: hard

"@next/swc-darwin-x64@npm:13.1.1":
  version: 13.1.1
  resolution: "@next/swc-darwin-x64@npm:13.1.1"
  conditions: os=darwin & cpu=x64
  languageName: node
  linkType: hard

"@next/swc-freebsd-x64@npm:13.1.1":
  version: 13.1.1
  resolution: "@next/swc-freebsd-x64@npm:13.1.1"
  conditions: os=freebsd & cpu=x64
  languageName: node
  linkType: hard

"@next/swc-linux-arm-gnueabihf@npm:13.1.1":
  version: 13.1.1
  resolution: "@next/swc-linux-arm-gnueabihf@npm:13.1.1"
  conditions: os=linux & cpu=arm
  languageName: node
  linkType: hard

"@next/swc-linux-arm64-gnu@npm:13.1.1":
  version: 13.1.1
  resolution: "@next/swc-linux-arm64-gnu@npm:13.1.1"
  conditions: os=linux & cpu=arm64
  languageName: node
  linkType: hard

"@next/swc-linux-arm64-musl@npm:13.1.1":
  version: 13.1.1
  resolution: "@next/swc-linux-arm64-musl@npm:13.1.1"
  conditions: os=linux & cpu=arm64
  languageName: node
  linkType: hard

"@next/swc-linux-x64-gnu@npm:13.1.1":
  version: 13.1.1
  resolution: "@next/swc-linux-x64-gnu@npm:13.1.1"
  conditions: os=linux & cpu=x64
  languageName: node
  linkType: hard

"@next/swc-linux-x64-musl@npm:13.1.1":
  version: 13.1.1
  resolution: "@next/swc-linux-x64-musl@npm:13.1.1"
  conditions: os=linux & cpu=x64
  languageName: node
  linkType: hard

"@next/swc-win32-arm64-msvc@npm:13.1.1":
  version: 13.1.1
  resolution: "@next/swc-win32-arm64-msvc@npm:13.1.1"
  conditions: os=win32 & cpu=arm64
  languageName: node
  linkType: hard

"@next/swc-win32-ia32-msvc@npm:13.1.1":
  version: 13.1.1
  resolution: "@next/swc-win32-ia32-msvc@npm:13.1.1"
  conditions: os=win32 & cpu=ia32
  languageName: node
  linkType: hard

"@next/swc-win32-x64-msvc@npm:13.1.1":
  version: 13.1.1
  resolution: "@next/swc-win32-x64-msvc@npm:13.1.1"
  conditions: os=win32 & cpu=x64
  languageName: node
  linkType: hard

"@peculiar/asn1-schema@npm:^2.1.6, @peculiar/asn1-schema@npm:^2.3.0":
  version: 2.3.3
  resolution: "@peculiar/asn1-schema@npm:2.3.3"
  dependencies:
    asn1js: ^3.0.5
    pvtsutils: ^1.3.2
    tslib: ^2.4.0
  checksum: 2b1902543ec65d677c709f05a6a845b033490444dd7c9cbfba22290a26623c55f53a13995f8401cdb67e36b8182d55ca9278d50dd3f2d9ae757fbd9ddadab927
  languageName: node
  linkType: hard

"@peculiar/json-schema@npm:^1.1.12":
  version: 1.1.12
  resolution: "@peculiar/json-schema@npm:1.1.12"
  dependencies:
    tslib: ^2.0.0
  checksum: b26ececdc23c5ef25837f8be8d1eb5e1c8bb6e9ae7227ac59ffea57fff56bd05137734e7685e9100595d3d88d906dff638ef8d1df54264c388d3eac1b05aa060
  languageName: node
  linkType: hard

"@peculiar/webcrypto@npm:^1.4.0":
  version: 1.4.1
  resolution: "@peculiar/webcrypto@npm:1.4.1"
  dependencies:
    "@peculiar/asn1-schema": ^2.3.0
    "@peculiar/json-schema": ^1.1.12
    pvtsutils: ^1.3.2
    tslib: ^2.4.1
    webcrypto-core: ^1.7.4
  checksum: cfcd49f6bd199016de83445f1786b17c49d02aee74b400e7e03ba3bc3707457bdebd23bbaba0e2ff3becdcd769d71b79ec64ae35e0acb80b4ab3ed6326ab111c
  languageName: node
  linkType: hard

"@repeaterjs/repeater@npm:3.0.4, @repeaterjs/repeater@npm:^3.0.4":
  version: 3.0.4
  resolution: "@repeaterjs/repeater@npm:3.0.4"
  checksum: cca0db3e802bc26fcce0b4a574074d9956da53bf43094de03c0e4732d05e13441279a92f0b96e2a7a39da50933684947a138c1213406eaafe39cfd4683d6c0df
  languageName: node
  linkType: hard

"@swc/helpers@npm:0.4.14":
  version: 0.4.14
  resolution: "@swc/helpers@npm:0.4.14"
  dependencies:
    tslib: ^2.4.0
  checksum: 273fd3f3fc461a92f3790cc551ea054745c6d6959afbe1232e6d7aa1c722bbc114d308aab96bef5c78fc0303c85c7b472ef00e2253251cc89737f3b1af56e5a5
  languageName: node
  linkType: hard

"@types/node@npm:^18.0.2":
  version: 18.11.18
  resolution: "@types/node@npm:18.11.18"
  checksum: 03f17f9480f8d775c8a72da5ea7e9383db5f6d85aa5fefde90dd953a1449bd5e4ffde376f139da4f3744b4c83942166d2a7603969a6f8ea826edfb16e6e3b49d
  languageName: node
  linkType: hard

"@types/prop-types@npm:*":
  version: 15.7.5
  resolution: "@types/prop-types@npm:15.7.5"
  checksum: 5b43b8b15415e1f298243165f1d44390403bb2bd42e662bca3b5b5633fdd39c938e91b7fce3a9483699db0f7a715d08cef220c121f723a634972fdf596aec980
  languageName: node
  linkType: hard

"@types/react-dom@npm:^18.0.6":
  version: 18.0.10
  resolution: "@types/react-dom@npm:18.0.10"
  dependencies:
    "@types/react": "*"
  checksum: ff8282d5005a0b1cd95fb65bf79d3d8485e4cfe2aaf052129033a178684b940014a3f4536bc20d573f8a01cf4c6f4770c74988cef7c2b5cac3041d9f172647e3
  languageName: node
  linkType: hard

"@types/react@npm:*, @types/react@npm:^18.0.15":
  version: 18.0.26
  resolution: "@types/react@npm:18.0.26"
  dependencies:
    "@types/prop-types": "*"
    "@types/scheduler": "*"
    csstype: ^3.0.2
  checksum: b62f0ea3cdfa68e106391728325057ad36f1bde7ba2dfae029472c47e01e482bc77c6ba4f1dad59f3f04ee81cb597618ff7c30a33c157c0a20462b6dd6aa2d4d
  languageName: node
  linkType: hard

"@types/scheduler@npm:*":
  version: 0.16.2
  resolution: "@types/scheduler@npm:0.16.2"
  checksum: b6b4dcfeae6deba2e06a70941860fb1435730576d3689225a421280b7742318d1548b3d22c1f66ab68e414f346a9542f29240bc955b6332c5b11e561077583bc
  languageName: node
  linkType: hard

"@whatwg-node/events@npm:0.0.2":
  version: 0.0.2
  resolution: "@whatwg-node/events@npm:0.0.2"
  checksum: 6d491801d36967d5d62443cca6ef39d41cf882d575839d2e9d1a5f394722cd24ef84fe9e897bb72c01bd198871fda9ff0e8b1ac5aa6f3f814f87d92b7f28fdcc
  languageName: node
  linkType: hard

"@whatwg-node/fetch@npm:0.6.1":
  version: 0.6.1
  resolution: "@whatwg-node/fetch@npm:0.6.1"
  dependencies:
    "@peculiar/webcrypto": ^1.4.0
    abort-controller: ^3.0.0
    busboy: ^1.6.0
    form-data-encoder: ^1.7.1
    formdata-node: ^4.3.1
    node-fetch: ^2.6.7
    undici: ^5.12.0
    urlpattern-polyfill: ^6.0.2
    web-streams-polyfill: ^3.2.0
  checksum: 81b469c03e53f49f6a1a2d8059ba28d40b710611e01a60f6396cf95f0d4b48d596c176dccc19876e32b3c67b77b1e72c1053cea05f6417f1c5340150037a3da1
  languageName: node
  linkType: hard

"@whatwg-node/server@npm:0.5.4":
  version: 0.5.4
  resolution: "@whatwg-node/server@npm:0.5.4"
  dependencies:
    "@whatwg-node/fetch": 0.6.1
    tslib: ^2.3.1
  peerDependencies:
    "@types/node": ^18.0.6
  checksum: 9c41672692d069725646d31404a377bb747d47d7507fb2b7d3fdaea0ca43fb9dcf37bf73cbc0a272c73c0c1cd7cd3950d5aacacf6ecd04522de31b5fbb34f89b
  languageName: node
  linkType: hard

"abort-controller@npm:^3.0.0":
  version: 3.0.0
  resolution: "abort-controller@npm:3.0.0"
  dependencies:
    event-target-shim: ^5.0.0
  checksum: 170bdba9b47b7e65906a28c8ce4f38a7a369d78e2271706f020849c1bfe0ee2067d4261df8bbb66eb84f79208fd5b710df759d64191db58cfba7ce8ef9c54b75
  languageName: node
  linkType: hard

"asn1js@npm:^3.0.1, asn1js@npm:^3.0.5":
  version: 3.0.5
  resolution: "asn1js@npm:3.0.5"
  dependencies:
    pvtsutils: ^1.3.2
    pvutils: ^1.1.3
    tslib: ^2.4.0
  checksum: 3b6af1bbadd5762ef8ead5daf2f6bda1bc9e23bc825c4dcc996aa1f9521ad7390a64028565d95d98090d69c8431f004c71cccb866004759169d7c203cf9075eb
  languageName: node
  linkType: hard

"braces@npm:^3.0.2":
  version: 3.0.2
  resolution: "braces@npm:3.0.2"
  dependencies:
    fill-range: ^7.0.1
  checksum: e2a8e769a863f3d4ee887b5fe21f63193a891c68b612ddb4b68d82d1b5f3ff9073af066c343e9867a393fe4c2555dcb33e89b937195feb9c1613d259edfcd459
  languageName: node
  linkType: hard

"busboy@npm:^1.6.0":
  version: 1.6.0
  resolution: "busboy@npm:1.6.0"
  dependencies:
    streamsearch: ^1.1.0
  checksum: 32801e2c0164e12106bf236291a00795c3c4e4b709ae02132883fe8478ba2ae23743b11c5735a0aae8afe65ac4b6ca4568b91f0d9fed1fdbc32ede824a73746e
  languageName: node
  linkType: hard

"caniuse-lite@npm:^1.0.30001406":
  version: 1.0.30001442
  resolution: "caniuse-lite@npm:1.0.30001442"
  checksum: c1bff65bd4f53da2d288e7f55be40706ee0119b983eae5a9dcc884046990476891630aef72d708f7989f8f1964200c44e4c37ea40deecaa2fb4a480df23e6317
  languageName: node
  linkType: hard

"client-only@npm:0.0.1":
  version: 0.0.1
  resolution: "client-only@npm:0.0.1"
  checksum: 0c16bf660dadb90610553c1d8946a7fdfb81d624adea073b8440b7d795d5b5b08beb3c950c6a2cf16279365a3265158a236876d92bce16423c485c322d7dfaf8
  languageName: node
  linkType: hard

"csstype@npm:^3.0.2":
  version: 3.1.1
  resolution: "csstype@npm:3.1.1"
  checksum: 1f7b4f5fdd955b7444b18ebdddf3f5c699159f13e9cf8ac9027ae4a60ae226aef9bbb14a6e12ca7dba3358b007cee6354b116e720262867c398de6c955ea451d
  languageName: node
  linkType: hard

"dset@npm:^3.1.1":
  version: 3.1.2
  resolution: "dset@npm:3.1.2"
  checksum: 4f8066f517aa0a70af688c66e9a0a5590f0aada76f6edc7ba9ddb309e27d3a6d65c0a2e31ab2a84005d4c791e5327773cdde59b8ab169050330a0dc283663e87
  languageName: node
  linkType: hard

"event-target-shim@npm:^5.0.0":
  version: 5.0.1
  resolution: "event-target-shim@npm:5.0.1"
  checksum: 1ffe3bb22a6d51bdeb6bf6f7cf97d2ff4a74b017ad12284cc9e6a279e727dc30a5de6bb613e5596ff4dc3e517841339ad09a7eec44266eccb1aa201a30448166
  languageName: node
  linkType: hard

"fill-range@npm:^7.0.1":
  version: 7.0.1
  resolution: "fill-range@npm:7.0.1"
  dependencies:
    to-regex-range: ^5.0.1
  checksum: cc283f4e65b504259e64fd969bcf4def4eb08d85565e906b7d36516e87819db52029a76b6363d0f02d0d532f0033c9603b9e2d943d56ee3b0d4f7ad3328ff917
  languageName: node
  linkType: hard

"form-data-encoder@npm:^1.7.1":
  version: 1.7.2
  resolution: "form-data-encoder@npm:1.7.2"
  checksum: aeebd87a1cb009e13cbb5e4e4008e6202ed5f6551eb6d9582ba8a062005178907b90f4887899d3c993de879159b6c0c940af8196725b428b4248cec5af3acf5f
  languageName: node
  linkType: hard

"formdata-node@npm:^4.3.1":
  version: 4.4.1
  resolution: "formdata-node@npm:4.4.1"
  dependencies:
    node-domexception: 1.0.0
    web-streams-polyfill: 4.0.0-beta.3
  checksum: d91d4f667cfed74827fc281594102c0dabddd03c9f8b426fc97123eedbf73f5060ee43205d89284d6854e2fc5827e030cd352ef68b93beda8decc2d72128c576
  languageName: node
  linkType: hard

"graphql-yoga@npm:^3.2.1":
  version: 3.3.0
  resolution: "graphql-yoga@npm:3.3.0"
  dependencies:
    "@envelop/core": 3.0.4
    "@envelop/parser-cache": ^5.0.4
    "@envelop/validation-cache": ^5.0.5
    "@graphql-tools/executor": 0.0.11
    "@graphql-tools/schema": ^9.0.0
    "@graphql-tools/utils": ^9.0.1
    "@graphql-yoga/subscription": ^3.0.0
    "@whatwg-node/fetch": 0.6.1
    "@whatwg-node/server": 0.5.4
    dset: ^3.1.1
    tslib: ^2.3.1
  peerDependencies:
    graphql: ^15.2.0 || ^16.0.0
  checksum: 0b5b08282c0b8aabcbc9602f8697c3db1180d8b143ffc812cdd32b08eb5655e8c021cd48ce51644a32e090a56d1a808c29e0df50656507cf8adad51bc4b8b6bb
  languageName: node
  linkType: hard

"graphql@npm:^16.5.0":
  version: 16.6.0
  resolution: "graphql@npm:16.6.0"
  checksum: bf1d9e3c1938ce3c1a81e909bd3ead1ae4707c577f91cff1ca2eca474bfbc7873d5d7b942e1e9777ff5a8304421dba57a4b76d7a29eb19de8711cb70e3c2415e
  languageName: node
  linkType: hard

"is-number@npm:^7.0.0":
  version: 7.0.0
  resolution: "is-number@npm:7.0.0"
  checksum: 456ac6f8e0f3111ed34668a624e45315201dff921e5ac181f8ec24923b99e9f32ca1a194912dc79d539c97d33dba17dc635202ff0b2cf98326f608323276d27a
  languageName: node
  linkType: hard

"js-tokens@npm:^3.0.0 || ^4.0.0":
  version: 4.0.0
  resolution: "js-tokens@npm:4.0.0"
  checksum: 8a95213a5a77deb6cbe94d86340e8d9ace2b93bc367790b260101d2f36a2eaf4e4e22d9fa9cf459b38af3a32fb4190e638024cf82ec95ef708680e405ea7cc78
  languageName: node
  linkType: hard

"loose-envify@npm:^1.1.0":
  version: 1.4.0
  resolution: "loose-envify@npm:1.4.0"
  dependencies:
    js-tokens: ^3.0.0 || ^4.0.0
  bin:
    loose-envify: cli.js
  checksum: 6517e24e0cad87ec9888f500c5b5947032cdfe6ef65e1c1936a0c48a524b81e65542c9c3edc91c97d5bddc806ee2a985dbc79be89215d613b1de5db6d1cfe6f4
  languageName: node
  linkType: hard

"lru-cache@npm:^6.0.0":
  version: 6.0.0
  resolution: "lru-cache@npm:6.0.0"
  dependencies:
    yallist: ^4.0.0
  checksum: f97f499f898f23e4585742138a22f22526254fdba6d75d41a1c2526b3b6cc5747ef59c5612ba7375f42aca4f8461950e925ba08c991ead0651b4918b7c978297
  languageName: node
  linkType: hard

"nanoid@npm:^3.3.4":
  version: 3.3.4
  resolution: "nanoid@npm:3.3.4"
  bin:
    nanoid: bin/nanoid.cjs
  checksum: 2fddd6dee994b7676f008d3ffa4ab16035a754f4bb586c61df5a22cf8c8c94017aadd360368f47d653829e0569a92b129979152ff97af23a558331e47e37cd9c
  languageName: node
  linkType: hard

"next@npm:latest":
  version: 13.1.1
  resolution: "next@npm:13.1.1"
  dependencies:
    "@next/env": 13.1.1
    "@next/swc-android-arm-eabi": 13.1.1
    "@next/swc-android-arm64": 13.1.1
    "@next/swc-darwin-arm64": 13.1.1
    "@next/swc-darwin-x64": 13.1.1
    "@next/swc-freebsd-x64": 13.1.1
    "@next/swc-linux-arm-gnueabihf": 13.1.1
    "@next/swc-linux-arm64-gnu": 13.1.1
    "@next/swc-linux-arm64-musl": 13.1.1
    "@next/swc-linux-x64-gnu": 13.1.1
    "@next/swc-linux-x64-musl": 13.1.1
    "@next/swc-win32-arm64-msvc": 13.1.1
    "@next/swc-win32-ia32-msvc": 13.1.1
    "@next/swc-win32-x64-msvc": 13.1.1
    "@swc/helpers": 0.4.14
    caniuse-lite: ^1.0.30001406
    postcss: 8.4.14
    styled-jsx: 5.1.1
  peerDependencies:
    fibers: ">= 3.1.0"
    node-sass: ^6.0.0 || ^7.0.0
    react: ^18.2.0
    react-dom: ^18.2.0
    sass: ^1.3.0
  dependenciesMeta:
    "@next/swc-android-arm-eabi":
      optional: true
    "@next/swc-android-arm64":
      optional: true
    "@next/swc-darwin-arm64":
      optional: true
    "@next/swc-darwin-x64":
      optional: true
    "@next/swc-freebsd-x64":
      optional: true
    "@next/swc-linux-arm-gnueabihf":
      optional: true
    "@next/swc-linux-arm64-gnu":
      optional: true
    "@next/swc-linux-arm64-musl":
      optional: true
    "@next/swc-linux-x64-gnu":
      optional: true
    "@next/swc-linux-x64-musl":
      optional: true
    "@next/swc-win32-arm64-msvc":
      optional: true
    "@next/swc-win32-ia32-msvc":
      optional: true
    "@next/swc-win32-x64-msvc":
      optional: true
  peerDependenciesMeta:
    fibers:
      optional: true
    node-sass:
      optional: true
    sass:
      optional: true
  bin:
    next: dist/bin/next
  checksum: 97a9154d620770388e6a0a84982b094172b851f49b408ac53d83fc4110470dbef63225b9c0008e223c60759b5aa606a547bd909b15d6a166526e168877dfc802
  languageName: node
  linkType: hard

"node-domexception@npm:1.0.0":
  version: 1.0.0
  resolution: "node-domexception@npm:1.0.0"
  checksum: ee1d37dd2a4eb26a8a92cd6b64dfc29caec72bff5e1ed9aba80c294f57a31ba4895a60fd48347cf17dd6e766da0ae87d75657dfd1f384ebfa60462c2283f5c7f
  languageName: node
  linkType: hard

"node-fetch@npm:^2.6.7":
  version: 2.6.7
  resolution: "node-fetch@npm:2.6.7"
  dependencies:
    whatwg-url: ^5.0.0
  peerDependencies:
    encoding: ^0.1.0
  peerDependenciesMeta:
    encoding:
      optional: true
  checksum: 8d816ffd1ee22cab8301c7756ef04f3437f18dace86a1dae22cf81db8ef29c0bf6655f3215cb0cdb22b420b6fe141e64b26905e7f33f9377a7fa59135ea3e10b
  languageName: node
  linkType: hard

"picocolors@npm:^1.0.0":
  version: 1.0.0
  resolution: "picocolors@npm:1.0.0"
  checksum: a2e8092dd86c8396bdba9f2b5481032848525b3dc295ce9b57896f931e63fc16f79805144321f72976383fc249584672a75cc18d6777c6b757603f372f745981
  languageName: node
  linkType: hard

"postcss@npm:8.4.14":
  version: 8.4.14
  resolution: "postcss@npm:8.4.14"
  dependencies:
    nanoid: ^3.3.4
    picocolors: ^1.0.0
    source-map-js: ^1.0.2
  checksum: fe58766ff32e4becf65a7d57678995cfd239df6deed2fe0557f038b47c94e4132e7e5f68b5aa820c13adfec32e523b693efaeb65798efb995ce49ccd83953816
  languageName: node
  linkType: hard

"pvtsutils@npm:^1.3.2":
  version: 1.3.2
  resolution: "pvtsutils@npm:1.3.2"
  dependencies:
    tslib: ^2.4.0
  checksum: 9b8155611363e2f40276879f2454e60204b45be0cd0482f9373f369308a2e9c76d5d74cdf661a3f5aae8022d75ea159eb0ba38ee78fc782ee3051e4722db98d0
  languageName: node
  linkType: hard

"pvutils@npm:^1.1.3":
  version: 1.1.3
  resolution: "pvutils@npm:1.1.3"
  checksum: 2ee26a9e5176c348977d6ec00d8ee80bff62f51743b1c5fe8abeeb4c5d29d9959cdfe0ce146707a9e6801bce88190fed3002d720b072dc87d031c692820b44c9
  languageName: node
  linkType: hard

"react-dom@npm:^18.2.0":
  version: 18.2.0
  resolution: "react-dom@npm:18.2.0"
  dependencies:
    loose-envify: ^1.1.0
    scheduler: ^0.23.0
  peerDependencies:
    react: ^18.2.0
  checksum: 7d323310bea3a91be2965f9468d552f201b1c27891e45ddc2d6b8f717680c95a75ae0bc1e3f5cf41472446a2589a75aed4483aee8169287909fcd59ad149e8cc
  languageName: node
  linkType: hard

"react@npm:^18.2.0":
  version: 18.2.0
  resolution: "react@npm:18.2.0"
  dependencies:
    loose-envify: ^1.1.0
  checksum: 88e38092da8839b830cda6feef2e8505dec8ace60579e46aa5490fc3dc9bba0bd50336507dc166f43e3afc1c42939c09fe33b25fae889d6f402721dcd78fca1b
  languageName: node
  linkType: hard

"root-workspace-0b6124@workspace:.":
  version: 0.0.0-use.local
  resolution: "root-workspace-0b6124@workspace:."
  dependencies:
    "@types/node": ^18.0.2
    "@types/react": ^18.0.15
    "@types/react-dom": ^18.0.6
    graphql: ^16.5.0
    graphql-yoga: ^3.2.1
    next: latest
    react: ^18.2.0
    react-dom: ^18.2.0
    swr: ^1.3.0
    typescript: ^4.7.4
  languageName: unknown
  linkType: soft

"scheduler@npm:^0.23.0":
  version: 0.23.0
  resolution: "scheduler@npm:0.23.0"
  dependencies:
    loose-envify: ^1.1.0
  checksum: d79192eeaa12abef860c195ea45d37cbf2bbf5f66e3c4dcd16f54a7da53b17788a70d109ee3d3dde1a0fd50e6a8fc171f4300356c5aee4fc0171de526bf35f8a
  languageName: node
  linkType: hard

"source-map-js@npm:^1.0.2":
  version: 1.0.2
  resolution: "source-map-js@npm:1.0.2"
  checksum: c049a7fc4deb9a7e9b481ae3d424cc793cb4845daa690bc5a05d428bf41bf231ced49b4cf0c9e77f9d42fdb3d20d6187619fc586605f5eabe995a316da8d377c
  languageName: node
  linkType: hard

"streamsearch@npm:^1.1.0":
  version: 1.1.0
  resolution: "streamsearch@npm:1.1.0"
  checksum: 1cce16cea8405d7a233d32ca5e00a00169cc0e19fbc02aa839959985f267335d435c07f96e5e0edd0eadc6d39c98d5435fb5bbbdefc62c41834eadc5622ad942
  languageName: node
  linkType: hard

"styled-jsx@npm:5.1.1":
  version: 5.1.1
  resolution: "styled-jsx@npm:5.1.1"
  dependencies:
    client-only: 0.0.1
  peerDependencies:
    react: ">= 16.8.0 || 17.x.x || ^18.0.0-0"
  peerDependenciesMeta:
    "@babel/core":
      optional: true
    babel-plugin-macros:
      optional: true
  checksum: 523a33b38603492547e861b98e29c873939b04e15fbe5ef16132c6f1e15958126647983c7d4675325038b428a5e91183d996e90141b18bdd1bbadf6e2c45b2fa
  languageName: node
  linkType: hard

"swr@npm:^1.3.0":
  version: 1.3.0
  resolution: "swr@npm:1.3.0"
  peerDependencies:
    react: ^16.11.0 || ^17.0.0 || ^18.0.0
  checksum: e7a184f0d560e9c8be85c023cc8e65e56a88a6ed46f9394b301b07f838edca23d2e303685319a4fcd620b81d447a7bcb489c7fa0a752c259f91764903c690cdb
  languageName: node
  linkType: hard

"to-regex-range@npm:^5.0.1":
  version: 5.0.1
  resolution: "to-regex-range@npm:5.0.1"
  dependencies:
    is-number: ^7.0.0
  checksum: f76fa01b3d5be85db6a2a143e24df9f60dd047d151062d0ba3df62953f2f697b16fe5dad9b0ac6191c7efc7b1d9dcaa4b768174b7b29da89d4428e64bc0a20ed
  languageName: node
  linkType: hard

"tr46@npm:~0.0.3":
  version: 0.0.3
  resolution: "tr46@npm:0.0.3"
  checksum: 726321c5eaf41b5002e17ffbd1fb7245999a073e8979085dacd47c4b4e8068ff5777142fc6726d6ca1fd2ff16921b48788b87225cbc57c72636f6efa8efbffe3
  languageName: node
  linkType: hard

"tslib@npm:2.4.0":
  version: 2.4.0
  resolution: "tslib@npm:2.4.0"
  checksum: 8c4aa6a3c5a754bf76aefc38026134180c053b7bd2f81338cb5e5ebf96fefa0f417bff221592bf801077f5bf990562f6264fecbc42cd3309b33872cb6fc3b113
  languageName: node
  linkType: hard

"tslib@npm:^2.0.0, tslib@npm:^2.3.1, tslib@npm:^2.4.0, tslib@npm:^2.4.1":
  version: 2.4.1
  resolution: "tslib@npm:2.4.1"
  checksum: 19480d6e0313292bd6505d4efe096a6b31c70e21cf08b5febf4da62e95c265c8f571f7b36fcc3d1a17e068032f59c269fab3459d6cd3ed6949eafecf64315fca
  languageName: node
  linkType: hard

"typescript@npm:^4.7.4":
  version: 4.9.4
  resolution: "typescript@npm:4.9.4"
  bin:
    tsc: bin/tsc
    tsserver: bin/tsserver
  checksum: e782fb9e0031cb258a80000f6c13530288c6d63f1177ed43f770533fdc15740d271554cdae86701c1dd2c83b082cea808b07e97fd68b38a172a83dbf9e0d0ef9
  languageName: node
  linkType: hard

"typescript@patch:typescript@^4.7.4#~builtin<compat/typescript>":
  version: 4.9.4
  resolution: "typescript@patch:typescript@npm%3A4.9.4#~builtin<compat/typescript>::version=4.9.4&hash=ddd1e8"
  bin:
    tsc: bin/tsc
    tsserver: bin/tsserver
  checksum: 37f6e2c3c5e2aa5934b85b0fddbf32eeac8b1bacf3a5b51d01946936d03f5377fe86255d4e5a4ae628fd0cd553386355ad362c57f13b4635064400f3e8e05b9d
  languageName: node
  linkType: hard

"undici@npm:^5.12.0":
  version: 5.14.0
  resolution: "undici@npm:5.14.0"
  dependencies:
    busboy: ^1.6.0
  checksum: 7a076e44d84b25844b4eb657034437b8b9bb91f17d347de474fdea1d4263ce7ae9406db79cd30de5642519277b4893f43073258bcc8fed420b295da3fdd11b26
  languageName: node
  linkType: hard

"urlpattern-polyfill@npm:^6.0.2":
  version: 6.0.2
  resolution: "urlpattern-polyfill@npm:6.0.2"
  dependencies:
    braces: ^3.0.2
  checksum: 564fb223761b67ea76d015f11dfec145db98c71cc35641015d1c9ec164da494b1fab614e652a844e14a72cda31236b9c3a59b22fdcca71166c315ab059fab676
  languageName: node
  linkType: hard

"value-or-promise@npm:1.0.11":
  version: 1.0.11
  resolution: "value-or-promise@npm:1.0.11"
  checksum: 13f8f2ef620118c73b4d1beee8ce6045d7182bbf15090ecfbcafb677ec43698506a5e9ace6bea5ea35c32bc612c9b1f824bb59b6581cdfb5c919052745c277d5
  languageName: node
  linkType: hard

"web-streams-polyfill@npm:4.0.0-beta.3":
  version: 4.0.0-beta.3
  resolution: "web-streams-polyfill@npm:4.0.0-beta.3"
  checksum: dfec1fbf52b9140e4183a941e380487b6c3d5d3838dd1259be81506c1c9f2abfcf5aeb670aeeecfd9dff4271a6d8fef931b193c7bedfb42542a3b05ff36c0d16
  languageName: node
  linkType: hard

"web-streams-polyfill@npm:^3.2.0":
  version: 3.2.1
  resolution: "web-streams-polyfill@npm:3.2.1"
  checksum: b119c78574b6d65935e35098c2afdcd752b84268e18746606af149e3c424e15621b6f1ff0b42b2676dc012fc4f0d313f964b41a4b5031e525faa03997457da02
  languageName: node
  linkType: hard

"webcrypto-core@npm:^1.7.4":
  version: 1.7.5
  resolution: "webcrypto-core@npm:1.7.5"
  dependencies:
    "@peculiar/asn1-schema": ^2.1.6
    "@peculiar/json-schema": ^1.1.12
    asn1js: ^3.0.1
    pvtsutils: ^1.3.2
    tslib: ^2.4.0
  checksum: f6e529ca5c1175b8ccead3547f60efa7a1f8e247aaeab3bd4f096eb9fda11cfc8e6b6fb574bbc5696f608958c491a27e9682c89204412f73fb430e5fcbe9ebac
  languageName: node
  linkType: hard

"webidl-conversions@npm:^3.0.0":
  version: 3.0.1
  resolution: "webidl-conversions@npm:3.0.1"
  checksum: c92a0a6ab95314bde9c32e1d0a6dfac83b578f8fa5f21e675bc2706ed6981bc26b7eb7e6a1fab158e5ce4adf9caa4a0aee49a52505d4d13c7be545f15021b17c
  languageName: node
  linkType: hard

"whatwg-url@npm:^5.0.0":
  version: 5.0.0
  resolution: "whatwg-url@npm:5.0.0"
  dependencies:
    tr46: ~0.0.3
    webidl-conversions: ^3.0.0
  checksum: b8daed4ad3356cc4899048a15b2c143a9aed0dfae1f611ebd55073310c7b910f522ad75d727346ad64203d7e6c79ef25eafd465f4d12775ca44b90fa82ed9e2c
  languageName: node
  linkType: hard

"yallist@npm:^4.0.0":
  version: 4.0.0
  resolution: "yallist@npm:4.0.0"
  checksum: 343617202af32df2a15a3be36a5a8c0c8545208f3d3dfbc6bb7c3e3b7e8c6f8e7485432e4f3b88da3031a6e20afa7c711eded32ddfb122896ac5d914e75848d5
  languageName: node
  linkType: hard
